// !$*UTF8*$!
{
	archiveVersion = 1;
	classes = {
	};
	objectVersion = 50;
	objects = {

/* Begin PBXBuildFile section */
		60AFB625ED3EA9374AD5D986 /* Pods_Assignment.framework in Frameworks */ = {isa = PBXBuildFile; fileRef = 5A4438B0A328EA8128031580 /* Pods_Assignment.framework */; };
		BA20502E217ADF1600DA1306 /* Optional+Empty.swift in Sources */ = {isa = PBXBuildFile; fileRef = BA20502D217ADF1600DA1306 /* Optional+Empty.swift */; };
		BA205032217AE06100DA1306 /* Observable+Utils.swift in Sources */ = {isa = PBXBuildFile; fileRef = BA205031217AE06100DA1306 /* Observable+Utils.swift */; };
		BA205034217AE14C00DA1306 /* ColorError.swift in Sources */ = {isa = PBXBuildFile; fileRef = BA205033217AE14C00DA1306 /* ColorError.swift */; };
		BA205036217AE20400DA1306 /* HexDecoder.swift in Sources */ = {isa = PBXBuildFile; fileRef = BA205035217AE20400DA1306 /* HexDecoder.swift */; };
		BA205038217AE3AC00DA1306 /* NSColor+Hex.swift in Sources */ = {isa = PBXBuildFile; fileRef = BA205037217AE3AC00DA1306 /* NSColor+Hex.swift */; };
		BA20503A217AE7AD00DA1306 /* Result.swift in Sources */ = {isa = PBXBuildFile; fileRef = BA205039217AE7AD00DA1306 /* Result.swift */; };
		BA20503D217AED5300DA1306 /* RegularExpression+Utils.swift in Sources */ = {isa = PBXBuildFile; fileRef = BA20503C217AED5300DA1306 /* RegularExpression+Utils.swift */; };
		BA20503F217AEE7100DA1306 /* ViewModelsTests.swift in Sources */ = {isa = PBXBuildFile; fileRef = BA20503E217AEE7100DA1306 /* ViewModelsTests.swift */; };
		BA205041217AEE7E00DA1306 /* HexDecoderTests.swift in Sources */ = {isa = PBXBuildFile; fileRef = BA205040217AEE7E00DA1306 /* HexDecoderTests.swift */; };
		BA320AB72179D4DB001503F8 /* AppDelegate.swift in Sources */ = {isa = PBXBuildFile; fileRef = BA320AB62179D4DB001503F8 /* AppDelegate.swift */; };
		BA320AB92179D4DB001503F8 /* ViewController.swift in Sources */ = {isa = PBXBuildFile; fileRef = BA320AB82179D4DB001503F8 /* ViewController.swift */; };
		BA320ABB2179D4DC001503F8 /* Assets.xcassets in Resources */ = {isa = PBXBuildFile; fileRef = BA320ABA2179D4DC001503F8 /* Assets.xcassets */; };
		BA320ABE2179D4DC001503F8 /* Main.storyboard in Resources */ = {isa = PBXBuildFile; fileRef = BA320ABC2179D4DC001503F8 /* Main.storyboard */; };
		BA320ACA2179D4DC001503F8 /* AssignmentTests.swift in Sources */ = {isa = PBXBuildFile; fileRef = BA320AC92179D4DC001503F8 /* AssignmentTests.swift */; };
		BA320AD52179D676001503F8 /* ViewModel.swift in Sources */ = {isa = PBXBuildFile; fileRef = BA320AD42179D676001503F8 /* ViewModel.swift */; };
		E7DABA00D8996FFC40AB3AF1 /* Pods_AssignmentTests.framework in Frameworks */ = {isa = PBXBuildFile; fileRef = 401F595C228E89DC2B9F7163 /* Pods_AssignmentTests.framework */; };
/* End PBXBuildFile section */

/* Begin PBXContainerItemProxy section */
		BA320AC62179D4DC001503F8 /* PBXContainerItemProxy */ = {
			isa = PBXContainerItemProxy;
			containerPortal = BA320AAB2179D4DB001503F8 /* Project object */;
			proxyType = 1;
			remoteGlobalIDString = BA320AB22179D4DB001503F8;
			remoteInfo = Assignment;
		};
/* End PBXContainerItemProxy section */

/* Begin PBXFileReference section */
		3CAC78D0B8D32CEB7E90A2C7 /* Pods-AssignmentTests.debug.xcconfig */ = {isa = PBXFileReference; includeInIndex = 1; lastKnownFileType = text.xcconfig; name = "Pods-AssignmentTests.debug.xcconfig"; path = "Target Support Files/Pods-AssignmentTests/Pods-AssignmentTests.debug.xcconfig"; sourceTree = "<group>"; };
		401F595C228E89DC2B9F7163 /* Pods_AssignmentTests.framework */ = {isa = PBXFileReference; explicitFileType = wrapper.framework; includeInIndex = 0; path = Pods_AssignmentTests.framework; sourceTree = BUILT_PRODUCTS_DIR; };
		5A4438B0A328EA8128031580 /* Pods_Assignment.framework */ = {isa = PBXFileReference; explicitFileType = wrapper.framework; includeInIndex = 0; path = Pods_Assignment.framework; sourceTree = BUILT_PRODUCTS_DIR; };
		76F3076B039388D5B181EA17 /* Pods-Assignment.release.xcconfig */ = {isa = PBXFileReference; includeInIndex = 1; lastKnownFileType = text.xcconfig; name = "Pods-Assignment.release.xcconfig"; path = "Target Support Files/Pods-Assignment/Pods-Assignment.release.xcconfig"; sourceTree = "<group>"; };
		7CBBFE7CAEE768AB040CB694 /* Pods-Assignment.debug.xcconfig */ = {isa = PBXFileReference; includeInIndex = 1; lastKnownFileType = text.xcconfig; name = "Pods-Assignment.debug.xcconfig"; path = "Target Support Files/Pods-Assignment/Pods-Assignment.debug.xcconfig"; sourceTree = "<group>"; };
		BA20502D217ADF1600DA1306 /* Optional+Empty.swift */ = {isa = PBXFileReference; lastKnownFileType = sourcecode.swift; path = "Optional+Empty.swift"; sourceTree = "<group>"; };
		BA205031217AE06100DA1306 /* Observable+Utils.swift */ = {isa = PBXFileReference; lastKnownFileType = sourcecode.swift; path = "Observable+Utils.swift"; sourceTree = "<group>"; };
		BA205033217AE14C00DA1306 /* ColorError.swift */ = {isa = PBXFileReference; lastKnownFileType = sourcecode.swift; path = ColorError.swift; sourceTree = "<group>"; };
		BA205035217AE20400DA1306 /* HexDecoder.swift */ = {isa = PBXFileReference; lastKnownFileType = sourcecode.swift; path = HexDecoder.swift; sourceTree = "<group>"; };
		BA205037217AE3AC00DA1306 /* NSColor+Hex.swift */ = {isa = PBXFileReference; lastKnownFileType = sourcecode.swift; path = "NSColor+Hex.swift"; sourceTree = "<group>"; };
		BA205039217AE7AD00DA1306 /* Result.swift */ = {isa = PBXFileReference; lastKnownFileType = sourcecode.swift; path = Result.swift; sourceTree = "<group>"; };
		BA20503C217AED5300DA1306 /* RegularExpression+Utils.swift */ = {isa = PBXFileReference; lastKnownFileType = sourcecode.swift; path = "RegularExpression+Utils.swift"; sourceTree = "<group>"; };
		BA20503E217AEE7100DA1306 /* ViewModelsTests.swift */ = {isa = PBXFileReference; lastKnownFileType = sourcecode.swift; path = ViewModelsTests.swift; sourceTree = "<group>"; };
		BA205040217AEE7E00DA1306 /* HexDecoderTests.swift */ = {isa = PBXFileReference; lastKnownFileType = sourcecode.swift; path = HexDecoderTests.swift; sourceTree = "<group>"; };
		BA320AB32179D4DB001503F8 /* Assignment.app */ = {isa = PBXFileReference; explicitFileType = wrapper.application; includeInIndex = 0; path = Assignment.app; sourceTree = BUILT_PRODUCTS_DIR; };
		BA320AB62179D4DB001503F8 /* AppDelegate.swift */ = {isa = PBXFileReference; lastKnownFileType = sourcecode.swift; path = AppDelegate.swift; sourceTree = "<group>"; };
		BA320AB82179D4DB001503F8 /* ViewController.swift */ = {isa = PBXFileReference; lastKnownFileType = sourcecode.swift; path = ViewController.swift; sourceTree = "<group>"; };
		BA320ABA2179D4DC001503F8 /* Assets.xcassets */ = {isa = PBXFileReference; lastKnownFileType = folder.assetcatalog; path = Assets.xcassets; sourceTree = "<group>"; };
		BA320ABD2179D4DC001503F8 /* Base */ = {isa = PBXFileReference; lastKnownFileType = file.storyboard; name = Base; path = Base.lproj/Main.storyboard; sourceTree = "<group>"; };
		BA320ABF2179D4DC001503F8 /* Info.plist */ = {isa = PBXFileReference; lastKnownFileType = text.plist.xml; path = Info.plist; sourceTree = "<group>"; };
		BA320AC02179D4DC001503F8 /* Assignment.entitlements */ = {isa = PBXFileReference; lastKnownFileType = text.plist.entitlements; path = Assignment.entitlements; sourceTree = "<group>"; };
		BA320AC52179D4DC001503F8 /* AssignmentTests.xctest */ = {isa = PBXFileReference; explicitFileType = wrapper.cfbundle; includeInIndex = 0; path = AssignmentTests.xctest; sourceTree = BUILT_PRODUCTS_DIR; };
		BA320AC92179D4DC001503F8 /* AssignmentTests.swift */ = {isa = PBXFileReference; lastKnownFileType = sourcecode.swift; path = AssignmentTests.swift; sourceTree = "<group>"; };
		BA320ACB2179D4DC001503F8 /* Info.plist */ = {isa = PBXFileReference; lastKnownFileType = text.plist.xml; path = Info.plist; sourceTree = "<group>"; };
		BA320AD42179D676001503F8 /* ViewModel.swift */ = {isa = PBXFileReference; lastKnownFileType = sourcecode.swift; path = ViewModel.swift; sourceTree = "<group>"; };
		E49BA1B4B189F22F5CAFC46E /* Pods-AssignmentTests.release.xcconfig */ = {isa = PBXFileReference; includeInIndex = 1; lastKnownFileType = text.xcconfig; name = "Pods-AssignmentTests.release.xcconfig"; path = "Target Support Files/Pods-AssignmentTests/Pods-AssignmentTests.release.xcconfig"; sourceTree = "<group>"; };
/* End PBXFileReference section */

/* Begin PBXFrameworksBuildPhase section */
		BA320AB02179D4DB001503F8 /* Frameworks */ = {
			isa = PBXFrameworksBuildPhase;
			buildActionMask = 2147483647;
			files = (
				60AFB625ED3EA9374AD5D986 /* Pods_Assignment.framework in Frameworks */,
			);
			runOnlyForDeploymentPostprocessing = 0;
		};
		BA320AC22179D4DC001503F8 /* Frameworks */ = {
			isa = PBXFrameworksBuildPhase;
			buildActionMask = 2147483647;
			files = (
				E7DABA00D8996FFC40AB3AF1 /* Pods_AssignmentTests.framework in Frameworks */,
			);
			runOnlyForDeploymentPostprocessing = 0;
		};
/* End PBXFrameworksBuildPhase section */

/* Begin PBXGroup section */
		8D357B3993E43C4AA9689C20 /* Pods */ = {
			isa = PBXGroup;
			children = (
				7CBBFE7CAEE768AB040CB694 /* Pods-Assignment.debug.xcconfig */,
				76F3076B039388D5B181EA17 /* Pods-Assignment.release.xcconfig */,
				3CAC78D0B8D32CEB7E90A2C7 /* Pods-AssignmentTests.debug.xcconfig */,
				E49BA1B4B189F22F5CAFC46E /* Pods-AssignmentTests.release.xcconfig */,
			);
			path = Pods;
			sourceTree = "<group>";
		};
		AB778C41CB0EDBC174D9CDFB /* Frameworks */ = {
			isa = PBXGroup;
			children = (
				5A4438B0A328EA8128031580 /* Pods_Assignment.framework */,
				401F595C228E89DC2B9F7163 /* Pods_AssignmentTests.framework */,
			);
			name = Frameworks;
			sourceTree = "<group>";
		};
		BA320AAA2179D4DB001503F8 = {
			isa = PBXGroup;
			children = (
				BA320AB52179D4DB001503F8 /* Assignment */,
				BA320AC82179D4DC001503F8 /* AssignmentTests */,
				BA320AB42179D4DB001503F8 /* Products */,
				8D357B3993E43C4AA9689C20 /* Pods */,
				AB778C41CB0EDBC174D9CDFB /* Frameworks */,
			);
			sourceTree = "<group>";
		};
		BA320AB42179D4DB001503F8 /* Products */ = {
			isa = PBXGroup;
			children = (
				BA320AB32179D4DB001503F8 /* Assignment.app */,
				BA320AC52179D4DC001503F8 /* AssignmentTests.xctest */,
			);
			name = Products;
			sourceTree = "<group>";
		};
		BA320AB52179D4DB001503F8 /* Assignment */ = {
			isa = PBXGroup;
			children = (
				BA320AB62179D4DB001503F8 /* AppDelegate.swift */,
				BA320AB82179D4DB001503F8 /* ViewController.swift */,
				BA320AD42179D676001503F8 /* ViewModel.swift */,
				BA20502D217ADF1600DA1306 /* Optional+Empty.swift */,
				BA205033217AE14C00DA1306 /* ColorError.swift */,
				BA205035217AE20400DA1306 /* HexDecoder.swift */,
				BA320ABA2179D4DC001503F8 /* Assets.xcassets */,
				BA320ABC2179D4DC001503F8 /* Main.storyboard */,
				BA320ABF2179D4DC001503F8 /* Info.plist */,
				BA320AC02179D4DC001503F8 /* Assignment.entitlements */,
				BA205031217AE06100DA1306 /* Observable+Utils.swift */,
				BA205037217AE3AC00DA1306 /* NSColor+Hex.swift */,
				BA205039217AE7AD00DA1306 /* Result.swift */,
				BA20503C217AED5300DA1306 /* RegularExpression+Utils.swift */,
			);
			path = Assignment;
			sourceTree = "<group>";
		};
		BA320AC82179D4DC001503F8 /* AssignmentTests */ = {
			isa = PBXGroup;
			children = (
				BA320AC92179D4DC001503F8 /* AssignmentTests.swift */,
				BA320ACB2179D4DC001503F8 /* Info.plist */,
				BA20503E217AEE7100DA1306 /* ViewModelsTests.swift */,
				BA205040217AEE7E00DA1306 /* HexDecoderTests.swift */,
			);
			path = AssignmentTests;
			sourceTree = "<group>";
		};
/* End PBXGroup section */

/* Begin PBXNativeTarget section */
		BA320AB22179D4DB001503F8 /* Assignment */ = {
			isa = PBXNativeTarget;
			buildConfigurationList = BA320ACE2179D4DC001503F8 /* Build configuration list for PBXNativeTarget "Assignment" */;
			buildPhases = (
				12F16DD51D3E41F0945C1D3E /* [CP] Check Pods Manifest.lock */,
				BA320AAF2179D4DB001503F8 /* Sources */,
				BA320AB02179D4DB001503F8 /* Frameworks */,
				BA320AB12179D4DB001503F8 /* Resources */,
				518B9AEF4DD609D18B8937FD /* [CP] Embed Pods Frameworks */,
			);
			buildRules = (
			);
			dependencies = (
			);
			name = Assignment;
			productName = Assignment;
			productReference = BA320AB32179D4DB001503F8 /* Assignment.app */;
			productType = "com.apple.product-type.application";
		};
		BA320AC42179D4DC001503F8 /* AssignmentTests */ = {
			isa = PBXNativeTarget;
			buildConfigurationList = BA320AD12179D4DC001503F8 /* Build configuration list for PBXNativeTarget "AssignmentTests" */;
			buildPhases = (
				D337AA78133D8640EF2C5DFF /* [CP] Check Pods Manifest.lock */,
				BA320AC12179D4DC001503F8 /* Sources */,
				BA320AC22179D4DC001503F8 /* Frameworks */,
				BA320AC32179D4DC001503F8 /* Resources */,
			);
			buildRules = (
			);
			dependencies = (
				BA320AC72179D4DC001503F8 /* PBXTargetDependency */,
			);
			name = AssignmentTests;
			productName = AssignmentTests;
			productReference = BA320AC52179D4DC001503F8 /* AssignmentTests.xctest */;
			productType = "com.apple.product-type.bundle.unit-test";
		};
/* End PBXNativeTarget section */

/* Begin PBXProject section */
		BA320AAB2179D4DB001503F8 /* Project object */ = {
			isa = PBXProject;
			attributes = {
				LastSwiftUpdateCheck = 1000;
				LastUpgradeCheck = 1000;
				ORGANIZATIONNAME = com.nsproxy.proxy;
				TargetAttributes = {
					BA320AB22179D4DB001503F8 = {
						CreatedOnToolsVersion = 10.0;
					};
					BA320AC42179D4DC001503F8 = {
						CreatedOnToolsVersion = 10.0;
						TestTargetID = BA320AB22179D4DB001503F8;
					};
				};
			};
			buildConfigurationList = BA320AAE2179D4DB001503F8 /* Build configuration list for PBXProject "Assignment" */;
			compatibilityVersion = "Xcode 9.3";
			developmentRegion = en;
			hasScannedForEncodings = 0;
			knownRegions = (
				en,
				Base,
			);
			mainGroup = BA320AAA2179D4DB001503F8;
			productRefGroup = BA320AB42179D4DB001503F8 /* Products */;
			projectDirPath = "";
			projectRoot = "";
			targets = (
				BA320AB22179D4DB001503F8 /* Assignment */,
				BA320AC42179D4DC001503F8 /* AssignmentTests */,
			);
		};
/* End PBXProject section */

/* Begin PBXResourcesBuildPhase section */
		BA320AB12179D4DB001503F8 /* Resources */ = {
			isa = PBXResourcesBuildPhase;
			buildActionMask = 2147483647;
			files = (
				BA320ABB2179D4DC001503F8 /* Assets.xcassets in Resources */,
				BA320ABE2179D4DC001503F8 /* Main.storyboard in Resources */,
			);
			runOnlyForDeploymentPostprocessing = 0;
		};
		BA320AC32179D4DC001503F8 /* Resources */ = {
			isa = PBXResourcesBuildPhase;
			buildActionMask = 2147483647;
			files = (
			);
			runOnlyForDeploymentPostprocessing = 0;
		};
/* End PBXResourcesBuildPhase section */

/* Begin PBXShellScriptBuildPhase section */
		12F16DD51D3E41F0945C1D3E /* [CP] Check Pods Manifest.lock */ = {
			isa = PBXShellScriptBuildPhase;
			buildActionMask = 2147483647;
			files = (
			);
			inputFileListPaths = (
			);
			inputPaths = (
				"${PODS_PODFILE_DIR_PATH}/Podfile.lock",
				"${PODS_ROOT}/Manifest.lock",
			);
			name = "[CP] Check Pods Manifest.lock";
			outputFileListPaths = (
			);
			outputPaths = (
				"$(DERIVED_FILE_DIR)/Pods-Assignment-checkManifestLockResult.txt",
			);
			runOnlyForDeploymentPostprocessing = 0;
			shellPath = /bin/sh;
			shellScript = "diff \"${PODS_PODFILE_DIR_PATH}/Podfile.lock\" \"${PODS_ROOT}/Manifest.lock\" > /dev/null\nif [ $? != 0 ] ; then\n    # print error to STDERR\n    echo \"error: The sandbox is not in sync with the Podfile.lock. Run 'pod install' or update your CocoaPods installation.\" >&2\n    exit 1\nfi\n# This output is used by Xcode 'outputs' to avoid re-running this script phase.\necho \"SUCCESS\" > \"${SCRIPT_OUTPUT_FILE_0}\"\n";
			showEnvVarsInLog = 0;
		};
		518B9AEF4DD609D18B8937FD /* [CP] Embed Pods Frameworks */ = {
			isa = PBXShellScriptBuildPhase;
			buildActionMask = 2147483647;
			files = (
			);
			inputFileListPaths = (
			);
			inputPaths = (
				"${PODS_ROOT}/Target Support Files/Pods-Assignment/Pods-Assignment-frameworks.sh",
				"${BUILT_PRODUCTS_DIR}/RxCocoa/RxCocoa.framework",
				"${BUILT_PRODUCTS_DIR}/RxSwift/RxSwift.framework",
			);
			name = "[CP] Embed Pods Frameworks";
			outputFileListPaths = (
			);
			outputPaths = (
				"${TARGET_BUILD_DIR}/${FRAMEWORKS_FOLDER_PATH}/RxCocoa.framework",
				"${TARGET_BUILD_DIR}/${FRAMEWORKS_FOLDER_PATH}/RxSwift.framework",
			);
			runOnlyForDeploymentPostprocessing = 0;
			shellPath = /bin/sh;
			shellScript = "\"${PODS_ROOT}/Target Support Files/Pods-Assignment/Pods-Assignment-frameworks.sh\"\n";
			showEnvVarsInLog = 0;
		};
		D337AA78133D8640EF2C5DFF /* [CP] Check Pods Manifest.lock */ = {
			isa = PBXShellScriptBuildPhase;
			buildActionMask = 2147483647;
			files = (
			);
			inputFileListPaths = (
			);
			inputPaths = (
				"${PODS_PODFILE_DIR_PATH}/Podfile.lock",
				"${PODS_ROOT}/Manifest.lock",
			);
			name = "[CP] Check Pods Manifest.lock";
			outputFileListPaths = (
			);
			outputPaths = (
				"$(DERIVED_FILE_DIR)/Pods-AssignmentTests-checkManifestLockResult.txt",
			);
			runOnlyForDeploymentPostprocessing = 0;
			shellPath = /bin/sh;
			shellScript = "diff \"${PODS_PODFILE_DIR_PATH}/Podfile.lock\" \"${PODS_ROOT}/Manifest.lock\" > /dev/null\nif [ $? != 0 ] ; then\n    # print error to STDERR\n    echo \"error: The sandbox is not in sync with the Podfile.lock. Run 'pod install' or update your CocoaPods installation.\" >&2\n    exit 1\nfi\n# This output is used by Xcode 'outputs' to avoid re-running this script phase.\necho \"SUCCESS\" > \"${SCRIPT_OUTPUT_FILE_0}\"\n";
			showEnvVarsInLog = 0;
		};
/* End PBXShellScriptBuildPhase section */

/* Begin PBXSourcesBuildPhase section */
		BA320AAF2179D4DB001503F8 /* Sources */ = {
			isa = PBXSourcesBuildPhase;
			buildActionMask = 2147483647;
			files = (
				BA20503A217AE7AD00DA1306 /* Result.swift in Sources */,
				BA205034217AE14C00DA1306 /* ColorError.swift in Sources */,
				BA205036217AE20400DA1306 /* HexDecoder.swift in Sources */,
				BA320AB92179D4DB001503F8 /* ViewController.swift in Sources */,
				BA20503D217AED5300DA1306 /* RegularExpression+Utils.swift in Sources */,
				BA320AD52179D676001503F8 /* ViewModel.swift in Sources */,
				BA205038217AE3AC00DA1306 /* NSColor+Hex.swift in Sources */,
				BA320AB72179D4DB001503F8 /* AppDelegate.swift in Sources */,
				BA20502E217ADF1600DA1306 /* Optional+Empty.swift in Sources */,
				BA205032217AE06100DA1306 /* Observable+Utils.swift in Sources */,
			);
			runOnlyForDeploymentPostprocessing = 0;
		};
		BA320AC12179D4DC001503F8 /* Sources */ = {
			isa = PBXSourcesBuildPhase;
			buildActionMask = 2147483647;
			files = (
				BA20503F217AEE7100DA1306 /* ViewModelsTests.swift in Sources */,
				BA320ACA2179D4DC001503F8 /* AssignmentTests.swift in Sources */,
				BA205041217AEE7E00DA1306 /* HexDecoderTests.swift in Sources */,
			);
			runOnlyForDeploymentPostprocessing = 0;
		};
/* End PBXSourcesBuildPhase section */

/* Begin PBXTargetDependency section */
		BA320AC72179D4DC001503F8 /* PBXTargetDependency */ = {
			isa = PBXTargetDependency;
			target = BA320AB22179D4DB001503F8 /* Assignment */;
			targetProxy = BA320AC62179D4DC001503F8 /* PBXContainerItemProxy */;
		};
/* End PBXTargetDependency section */

/* Begin PBXVariantGroup section */
		BA320ABC2179D4DC001503F8 /* Main.storyboard */ = {
			isa = PBXVariantGroup;
			children = (
				BA320ABD2179D4DC001503F8 /* Base */,
			);
			name = Main.storyboard;
			sourceTree = "<group>";
		};
/* End PBXVariantGroup section */

/* Begin XCBuildConfiguration section */
		BA320ACC2179D4DC001503F8 /* Debug */ = {
			isa = XCBuildConfiguration;
			buildSettings = {
				ALWAYS_SEARCH_USER_PATHS = NO;
				CLANG_ANALYZER_NONNULL = YES;
				CLANG_ANALYZER_NUMBER_OBJECT_CONVERSION = YES_AGGRESSIVE;
				CLANG_CXX_LANGUAGE_STANDARD = "gnu++14";
				CLANG_CXX_LIBRARY = "libc++";
				CLANG_ENABLE_MODULES = YES;
				CLANG_ENABLE_OBJC_ARC = YES;
				CLANG_ENABLE_OBJC_WEAK = YES;
				CLANG_WARN_BLOCK_CAPTURE_AUTORELEASING = YES;
				CLANG_WARN_BOOL_CONVERSION = YES;
				CLANG_WARN_COMMA = YES;
				CLANG_WARN_CONSTANT_CONVERSION = YES;
				CLANG_WARN_DEPRECATED_OBJC_IMPLEMENTATIONS = YES;
				CLANG_WARN_DIRECT_OBJC_ISA_USAGE = YES_ERROR;
				CLANG_WARN_DOCUMENTATION_COMMENTS = YES;
				CLANG_WARN_EMPTY_BODY = YES;
				CLANG_WARN_ENUM_CONVERSION = YES;
				CLANG_WARN_INFINITE_RECURSION = YES;
				CLANG_WARN_INT_CONVERSION = YES;
				CLANG_WARN_NON_LITERAL_NULL_CONVERSION = YES;
				CLANG_WARN_OBJC_IMPLICIT_RETAIN_SELF = YES;
				CLANG_WARN_OBJC_LITERAL_CONVERSION = YES;
				CLANG_WARN_OBJC_ROOT_CLASS = YES_ERROR;
				CLANG_WARN_RANGE_LOOP_ANALYSIS = YES;
				CLANG_WARN_STRICT_PROTOTYPES = YES;
				CLANG_WARN_SUSPICIOUS_MOVE = YES;
				CLANG_WARN_UNGUARDED_AVAILABILITY = YES_AGGRESSIVE;
				CLANG_WARN_UNREACHABLE_CODE = YES;
				CLANG_WARN__DUPLICATE_METHOD_MATCH = YES;
				CODE_SIGN_IDENTITY = "Mac Developer";
				COPY_PHASE_STRIP = NO;
				DEBUG_INFORMATION_FORMAT = dwarf;
				ENABLE_STRICT_OBJC_MSGSEND = YES;
				ENABLE_TESTABILITY = YES;
				GCC_C_LANGUAGE_STANDARD = gnu11;
				GCC_DYNAMIC_NO_PIC = NO;
				GCC_NO_COMMON_BLOCKS = YES;
				GCC_OPTIMIZATION_LEVEL = 0;
				GCC_PREPROCESSOR_DEFINITIONS = (
					"DEBUG=1",
					"$(inherited)",
				);
				GCC_WARN_64_TO_32_BIT_CONVERSION = YES;
				GCC_WARN_ABOUT_RETURN_TYPE = YES_ERROR;
				GCC_WARN_UNDECLARED_SELECTOR = YES;
				GCC_WARN_UNINITIALIZED_AUTOS = YES_AGGRESSIVE;
				GCC_WARN_UNUSED_FUNCTION = YES;
				GCC_WARN_UNUSED_VARIABLE = YES;
				MACOSX_DEPLOYMENT_TARGET = 10.14;
				MTL_ENABLE_DEBUG_INFO = INCLUDE_SOURCE;
				MTL_FAST_MATH = YES;
				ONLY_ACTIVE_ARCH = YES;
				SDKROOT = macosx;
				SWIFT_ACTIVE_COMPILATION_CONDITIONS = DEBUG;
				SWIFT_OPTIMIZATION_LEVEL = "-Onone";
			};
			name = Debug;
		};
		BA320ACD2179D4DC001503F8 /* Release */ = {
			isa = XCBuildConfiguration;
			buildSettings = {
				ALWAYS_SEARCH_USER_PATHS = NO;
				CLANG_ANALYZER_NONNULL = YES;
				CLANG_ANALYZER_NUMBER_OBJECT_CONVERSION = YES_AGGRESSIVE;
				CLANG_CXX_LANGUAGE_STANDARD = "gnu++14";
				CLANG_CXX_LIBRARY = "libc++";
				CLANG_ENABLE_MODULES = YES;
				CLANG_ENABLE_OBJC_ARC = YES;
				CLANG_ENABLE_OBJC_WEAK = YES;
				CLANG_WARN_BLOCK_CAPTURE_AUTORELEASING = YES;
				CLANG_WARN_BOOL_CONVERSION = YES;
				CLANG_WARN_COMMA = YES;
				CLANG_WARN_CONSTANT_CONVERSION = YES;
				CLANG_WARN_DEPRECATED_OBJC_IMPLEMENTATIONS = YES;
				CLANG_WARN_DIRECT_OBJC_ISA_USAGE = YES_ERROR;
				CLANG_WARN_DOCUMENTATION_COMMENTS = YES;
				CLANG_WARN_EMPTY_BODY = YES;
				CLANG_WARN_ENUM_CONVERSION = YES;
				CLANG_WARN_INFINITE_RECURSION = YES;
				CLANG_WARN_INT_CONVERSION = YES;
				CLANG_WARN_NON_LITERAL_NULL_CONVERSION = YES;
				CLANG_WARN_OBJC_IMPLICIT_RETAIN_SELF = YES;
				CLANG_WARN_OBJC_LITERAL_CONVERSION = YES;
				CLANG_WARN_OBJC_ROOT_CLASS = YES_ERROR;
				CLANG_WARN_RANGE_LOOP_ANALYSIS = YES;
				CLANG_WARN_STRICT_PROTOTYPES = YES;
				CLANG_WARN_SUSPICIOUS_MOVE = YES;
				CLANG_WARN_UNGUARDED_AVAILABILITY = YES_AGGRESSIVE;
				CLANG_WARN_UNREACHABLE_CODE = YES;
				CLANG_WARN__DUPLICATE_METHOD_MATCH = YES;
				CODE_SIGN_IDENTITY = "Mac Developer";
				COPY_PHASE_STRIP = NO;
				DEBUG_INFORMATION_FORMAT = "dwarf-with-dsym";
				ENABLE_NS_ASSERTIONS = NO;
				ENABLE_STRICT_OBJC_MSGSEND = YES;
				GCC_C_LANGUAGE_STANDARD = gnu11;
				GCC_NO_COMMON_BLOCKS = YES;
				GCC_WARN_64_TO_32_BIT_CONVERSION = YES;
				GCC_WARN_ABOUT_RETURN_TYPE = YES_ERROR;
				GCC_WARN_UNDECLARED_SELECTOR = YES;
				GCC_WARN_UNINITIALIZED_AUTOS = YES_AGGRESSIVE;
				GCC_WARN_UNUSED_FUNCTION = YES;
				GCC_WARN_UNUSED_VARIABLE = YES;
				MACOSX_DEPLOYMENT_TARGET = 10.14;
				MTL_ENABLE_DEBUG_INFO = NO;
				MTL_FAST_MATH = YES;
				SDKROOT = macosx;
				SWIFT_COMPILATION_MODE = wholemodule;
				SWIFT_OPTIMIZATION_LEVEL = "-O";
			};
			name = Release;
		};
		BA320ACF2179D4DC001503F8 /* Debug */ = {
			isa = XCBuildConfiguration;
			baseConfigurationReference = 7CBBFE7CAEE768AB040CB694 /* Pods-Assignment.debug.xcconfig */;
			buildSettings = {
				ASSETCATALOG_COMPILER_APPICON_NAME = AppIcon;
				CODE_SIGN_ENTITLEMENTS = Assignment/Assignment.entitlements;
				CODE_SIGN_STYLE = Automatic;
				COMBINE_HIDPI_IMAGES = YES;
				DEVELOPMENT_TEAM = D54Y88Y9CY;
				INFOPLIST_FILE = Assignment/Info.plist;
				LD_RUNPATH_SEARCH_PATHS = (
					"$(inherited)",
					"@executable_path/../Frameworks",
				);
				PRODUCT_BUNDLE_IDENTIFIER = com.nsproxy.Assignment;
				PRODUCT_NAME = "$(TARGET_NAME)";
				SWIFT_VERSION = 4.2;
			};
			name = Debug;
		};
		BA320AD02179D4DC001503F8 /* Release */ = {
			isa = XCBuildConfiguration;
			baseConfigurationReference = 76F3076B039388D5B181EA17 /* Pods-Assignment.release.xcconfig */;
			buildSettings = {
				ASSETCATALOG_COMPILER_APPICON_NAME = AppIcon;
				CODE_SIGN_ENTITLEMENTS = Assignment/Assignment.entitlements;
				CODE_SIGN_STYLE = Automatic;
				COMBINE_HIDPI_IMAGES = YES;
				DEVELOPMENT_TEAM = D54Y88Y9CY;
				INFOPLIST_FILE = Assignment/Info.plist;
				LD_RUNPATH_SEARCH_PATHS = (
					"$(inherited)",
					"@executable_path/../Frameworks",
				);
				PRODUCT_BUNDLE_IDENTIFIER = com.nsproxy.Assignment;
				PRODUCT_NAME = "$(TARGET_NAME)";
				SWIFT_VERSION = 4.2;
			};
			name = Release;
		};
		BA320AD22179D4DC001503F8 /* Debug */ = {
			isa = XCBuildConfiguration;
			baseConfigurationReference = 3CAC78D0B8D32CEB7E90A2C7 /* Pods-AssignmentTests.debug.xcconfig */;
			buildSettings = {
				ALWAYS_EMBED_SWIFT_STANDARD_LIBRARIES = YES;
				BUNDLE_LOADER = "$(TEST_HOST)";
				CODE_SIGN_STYLE = Automatic;
				COMBINE_HIDPI_IMAGES = YES;
				DEVELOPMENT_TEAM = D54Y88Y9CY;
				INFOPLIST_FILE = AssignmentTests/Info.plist;
				LD_RUNPATH_SEARCH_PATHS = (
					"$(inherited)",
					"@executable_path/../Frameworks",
					"@loader_path/../Frameworks",
				);
				PRODUCT_BUNDLE_IDENTIFIER = com.nsproxy.AssignmentTests;
				PRODUCT_NAME = "$(TARGET_NAME)";
				SWIFT_VERSION = 4.2;
				TEST_HOST = "$(BUILT_PRODUCTS_DIR)/Assignment.app/Contents/MacOS/Assignment";
			};
			name = Debug;
		};
		BA320AD32179D4DC001503F8 /* Release */ = {
			isa = XCBuildConfiguration;
			baseConfigurationReference = E49BA1B4B189F22F5CAFC46E /* Pods-AssignmentTests.release.xcconfig */;
			buildSettings = {
				ALWAYS_EMBED_SWIFT_STANDARD_LIBRARIES = YES;
				BUNDLE_LOADER = "$(TEST_HOST)";
				CODE_SIGN_STYLE = Automatic;
				COMBINE_HIDPI_IMAGES = YES;
				DEVELOPMENT_TEAM = D54Y88Y9CY;
				INFOPLIST_FILE = AssignmentTests/Info.plist;
				LD_RUNPATH_SEARCH_PATHS = (
					"$(inherited)",
					"@executable_path/../Frameworks",
					"@loader_path/../Frameworks",
				);
				PRODUCT_BUNDLE_IDENTIFIER = com.nsproxy.AssignmentTests;
				PRODUCT_NAME = "$(TARGET_NAME)";
				SWIFT_VERSION = 4.2;
				TEST_HOST = "$(BUILT_PRODUCTS_DIR)/Assignment.app/Contents/MacOS/Assignment";
			};
			name = Release;
		};
/* End XCBuildConfiguration section */

/* Begin XCConfigurationList section */
		BA320AAE2179D4DB001503F8 /* Build configuration list for PBXProject "Assignment" */ = {
			isa = XCConfigurationList;
			buildConfigurations = (
				BA320ACC2179D4DC001503F8 /* Debug */,
				BA320ACD2179D4DC001503F8 /* Release */,
			);
			defaultConfigurationIsVisible = 0;
			defaultConfigurationName = Release;
		};
		BA320ACE2179D4DC001503F8 /* Build configuration list for PBXNativeTarget "Assignment" */ = {
			isa = XCConfigurationList;
			buildConfigurations = (
				BA320ACF2179D4DC001503F8 /* Debug */,
				BA320AD02179D4DC001503F8 /* Release */,
			);
			defaultConfigurationIsVisible = 0;
			defaultConfigurationName = Release;
		};
		BA320AD12179D4DC001503F8 /* Build configuration list for PBXNativeTarget "AssignmentTests" */ = {
			isa = XCConfigurationList;
			buildConfigurations = (
				BA320AD22179D4DC001503F8 /* Debug */,
				BA320AD32179D4DC001503F8 /* Release */,
			);
			defaultConfigurationIsVisible = 0;
			defaultConfigurationName = Release;
		};
/* End XCConfigurationList section */
	};
	rootObject = BA320AAB2179D4DB001503F8 /* Project object */;
}
